{
  "version": "3",
  "remote": {
    "https://edge.netlify.com/": "ff84a16f192fdb43db8b9dff869889f555c05857d075044d2a7cfa54c283a0a0",
    "https://edge.netlify.com/bootstrap/config.ts": "0aa0a225d978b89e0e62cbd853701605199e7a84095e55eeb70147faf1a24803",
    "https://edge.netlify.com/bootstrap/context.ts": "8f99269eeeeccf9b852e6089cc648c962a0ea20b2198b8b38b38e3b2ce2b9143",
    "https://edge.netlify.com/bootstrap/cookie.ts": "8b0baae708989ca183c6f3b4ab3d029e6abcbc2e43f93edeb0ff447b3bbc3a05",
    "https://edge.netlify.com/bootstrap/edge_function.ts": "b8253e86aa83c67341f5cfedeba5049d77fbf84dcab7eceff7566b7728ae9b39",
    "https://edge.netlify.com/bootstrap/globals.ts": "38f9e0be6c2c78206bf14d2387d41964d38bbe81644b3668e203c6f6473408a7"
  },
  "workspace": {
    "packageJson": {
      "dependencies": [
        "npm:@ant-design/icons@^5.3.7",
        "npm:@astrojs/check@0.7.0",
        "npm:@astrojs/netlify@^5.2.1",
        "npm:@astrojs/react@3.4.0",
        "npm:@astrojs/svelte@5.4.0",
        "npm:@astrojs/tailwind@5.1.0",
        "npm:@auth/core@0.18.6",
        "npm:@emotion/react@11.11.4",
        "npm:@emotion/styled@11.11.5",
        "npm:@faker-js/faker@^8.4.1",
        "npm:@iconify-json/bxs@^1.1.10",
        "npm:@iconify-json/mdi@^1.1.66",
        "npm:@mui/material@5.15.18",
        "npm:@mui/styled-engine-sc@6.0.0-alpha.18",
        "npm:@mui/x-date-pickers@7.5.0",
        "npm:@storyblok/astro@4.0.5",
        "npm:@types/react-dom@18.3.0",
        "npm:@types/react@18.3.3",
        "npm:@vitejs/plugin-basic-ssl@1.1.0",
        "npm:antd@5.17.3",
        "npm:astro-icon@1.1.0",
        "npm:astro-meta-tags@0.3.0",
        "npm:astro-navbar@2.3.2",
        "npm:astro-seo@0.8.3",
        "npm:astro@4.9.1",
        "npm:astrojs-service-worker@^2.0.0",
        "npm:auth-astro@4.1.1",
        "npm:axios@1.7.2",
        "npm:browser-image-compression@2.0.2",
        "npm:chart.js@^4.4.3",
        "npm:cypress@^13.11.0",
        "npm:dayjs@^1.11.11",
        "npm:eslint-plugin-react@7.34.1",
        "npm:faker@^5.5.3",
        "npm:framer-motion@11.2.6",
        "npm:js-cookie@3.0.5",
        "npm:luxon@^3.4.4",
        "npm:moment@^2.30.1",
        "npm:npm-run-all@^4.1.5",
        "npm:prettier-plugin-astro@0.13.0",
        "npm:prettier@3.2.5",
        "npm:react-chartjs-2@^5.2.0",
        "npm:react-countup@^6.5.3",
        "npm:react-dom@18.3.1",
        "npm:react-icons@^5.2.1",
        "npm:react-router-dom@6.23.1",
        "npm:react@18.3.1",
        "npm:sass@^1.77.2",
        "npm:styled-components@6.1.11",
        "npm:svelte@4.2.17",
        "npm:tailwindcss@3.4.3",
        "npm:typescript@5.4.5",
        "npm:vite-plugin-mkcert@1.17.5"
      ]
    }
  }
}
